
Microsoft Visual Studio Solution File, Format Version 12.00
# Visual Studio Version 17
VisualStudioVersion = 17.3.32825.248
MinimumVisualStudioVersion = 10.0.40219.1
Project("{FAE04EC0-301F-11D3-BF4B-00C04F79EFBC}") = "BilimkanaAmerican", "BilimkanaAmerican.csproj", "{9809FF7D-D532-480F-A1FB-EA7E996A0F50}"
EndProject
Global
	GlobalSection(SolutionConfigurationPlatforms) = preSolution
		Debug|Any CPU = Debug|Any CPU
		Release|Any CPU = Release|Any CPU
	EndGlobalSection
	GlobalSection(ProjectConfigurationPlatforms) = postSolution
		{9809FF7D-D532-480F-A1FB-EA7E996A0F50}.Debug|Any CPU.ActiveCfg = Debug|Any CPU
		{9809FF7D-D532-480F-A1FB-EA7E996A0F50}.Debug|Any CPU.Build.0 = Debug|Any CPU
		{9809FF7D-D532-480F-A1FB-EA7E996A0F50}.Release|Any CPU.ActiveCfg = Release|Any CPU
		{9809FF7D-D532-480F-A1FB-EA7E996A0F50}.Release|Any CPU.Build.0 = Release|Any CPU
	EndGlobalSection
	GlobalSection(SolutionProperties) = preSolution
		HideSolutionNode = FALSE
	EndGlobalSection
	GlobalSection(ExtensibilityGlobals) = postSolution
		SolutionGuid = {AD211AB1-BA5E-46F5-9902-821D5506575C}
	EndGlobalSection
EndGlobal
